
Microsoft Visual Studio Solution File, Format Version 12.00
# Visual Studio Version 17
VisualStudioVersion = 17.6.33815.320
MinimumVisualStudioVersion = 10.0.40219.1
Project("{FAE04EC0-301F-11D3-BF4B-00C04F79EFBC}") = "Шахматы", "Шахматы\Шахматы.csproj", "{7F2E8029-1346-4A53-8C2B-08772E571DB5}"
EndProject
Global
	GlobalSection(SolutionConfigurationPlatforms) = preSolution
		Debug|Any CPU = Debug|Any CPU
		Release|Any CPU = Release|Any CPU
	EndGlobalSection
	GlobalSection(ProjectConfigurationPlatforms) = postSolution
		{7F2E8029-1346-4A53-8C2B-08772E571DB5}.Debug|Any CPU.ActiveCfg = Debug|Any CPU
		{7F2E8029-1346-4A53-8C2B-08772E571DB5}.Debug|Any CPU.Build.0 = Debug|Any CPU
		{7F2E8029-1346-4A53-8C2B-08772E571DB5}.Release|Any CPU.ActiveCfg = Release|Any CPU
		{7F2E8029-1346-4A53-8C2B-08772E571DB5}.Release|Any CPU.Build.0 = Release|Any CPU
	EndGlobalSection
	GlobalSection(SolutionProperties) = preSolution
		HideSolutionNode = FALSE
	EndGlobalSection
	GlobalSection(ExtensibilityGlobals) = postSolution
		SolutionGuid = {A195A880-4FCB-422A-8FAD-153E41302574}
	EndGlobalSection
EndGlobal
